
Microsoft Visual Studio Solution File, Format Version 12.00
# Visual Studio 2012
Project("{FAE04EC0-301F-11D3-BF4B-00C04F79EFBC}") = "LoginService", "Sela.TalkBack.Services\LoginService.csproj", "{2C35E6F5-28FA-4ED7-9EF1-4BF9D06DE2F2}"
EndProject
Project("{2150E333-8FDC-42A3-9474-1A3956D46DE8}") = "Services", "Services", "{2F62576E-5890-4746-B769-57A43FAFDE4D}"
EndProject
Project("{2150E333-8FDC-42A3-9474-1A3956D46DE8}") = "LoginService", "LoginService", "{422F9ADB-9651-4160-A9C1-49949F95FEC2}"
EndProject
Project("{FAE04EC0-301F-11D3-BF4B-00C04F79EFBC}") = "LoginContracts", "LoginContract\LoginContracts.csproj", "{790CC7CE-3687-4E8C-AA8E-B69670BA58B3}"
EndProject
Project("{FAE04EC0-301F-11D3-BF4B-00C04F79EFBC}") = "LoginLogic", "LoginLogic\LoginLogic.csproj", "{5104A65A-7047-49CA-AB28-8A3CF02408CF}"
EndProject
Project("{2150E333-8FDC-42A3-9474-1A3956D46DE8}") = "Common", "Common", "{73ADC423-F2F5-4DEB-8768-F3A0794516C5}"
EndProject
Project("{FAE04EC0-301F-11D3-BF4B-00C04F79EFBC}") = "Sela.TalkBack.Common.Entities", "Sela.TalkBack.Entities\Sela.TalkBack.Common.Entities.csproj", "{719A4CDF-126F-44D3-A274-BC99A96B7E6B}"
EndProject
Project("{2150E333-8FDC-42A3-9474-1A3956D46DE8}") = "DataService", "DataService", "{8260B0A3-8883-436E-9F0B-C1EE529BD206}"
EndProject
Project("{FAE04EC0-301F-11D3-BF4B-00C04F79EFBC}") = "DataLayerService", "Sela.TalkBack.Services.DataService\DataLayerService.csproj", "{6A6C996E-1D52-47C2-A82C-1820BB6C266F}"
EndProject
Project("{2150E333-8FDC-42A3-9474-1A3956D46DE8}") = "ContactsStatusService", "ContactsStatusService", "{B932C3D0-CB77-45DF-A080-9A5FBB5E67C2}"
EndProject
Project("{FAE04EC0-301F-11D3-BF4B-00C04F79EFBC}") = "ContactsContracts", "Sela.TalkBack.Services.ContactsStatusService.Contracts\ContactsContracts.csproj", "{C9C4DDF0-FC15-426E-A4B8-2638D43562FE}"
EndProject
Project("{FAE04EC0-301F-11D3-BF4B-00C04F79EFBC}") = "ContactsStatusService", "ContactsStatusService\ContactsStatusService.csproj", "{7729CEB6-97B4-4513-888A-308EA7AB058B}"
EndProject
Project("{2150E333-8FDC-42A3-9474-1A3956D46DE8}") = "ChatService", "ChatService", "{9D382132-43EF-477E-9C55-55104C0A76E6}"
EndProject
Project("{FAE04EC0-301F-11D3-BF4B-00C04F79EFBC}") = "ChatContracts", "ChatContracts\ChatContracts.csproj", "{2288F58C-B11F-4EAD-861C-F28AA1C14ECD}"
EndProject
Project("{FAE04EC0-301F-11D3-BF4B-00C04F79EFBC}") = "LoginService.Test", "SelaTalkBack.Services.LoginService.Test\LoginService.Test.csproj", "{55361B8E-4F71-4862-B6D0-C9A247198B84}"
EndProject
Project("{FAE04EC0-301F-11D3-BF4B-00C04F79EFBC}") = "DataService.Tests", "Sela.Talkback.Services.DataService.Tests\DataService.Tests.csproj", "{0D3A6F4D-6154-4374-B159-7AC6646698F2}"
EndProject
Project("{FAE04EC0-301F-11D3-BF4B-00C04F79EFBC}") = "DataContracts", "DataContracts\DataContracts.csproj", "{1139DEEC-7CBA-419C-990B-B3DAF5C9463D}"
EndProject
Project("{FAE04EC0-301F-11D3-BF4B-00C04F79EFBC}") = "ContactsStatusService.Tests", "ContactsStatusService.Tests\ContactsStatusService.Tests.csproj", "{6FAECFD5-FF7B-47BB-9A75-321FCFB1CE1D}"
EndProject
Project("{FAE04EC0-301F-11D3-BF4B-00C04F79EFBC}") = "ContactsLogics", "ContactsLogics\ContactsLogics.csproj", "{E2D245FF-7B5C-42C2-A396-B964A73D9C37}"
EndProject
Project("{2150E333-8FDC-42A3-9474-1A3956D46DE8}") = "Client", "Client", "{B534BF29-3E93-426B-A20C-AB98E5A302F2}"
EndProject
Project("{FAE04EC0-301F-11D3-BF4B-00C04F79EFBC}") = "TalkBackClient", "TalkBackClient\TalkBackClient.csproj", "{BF04855C-27F0-4008-BA6B-0B5FDF9465BC}"
EndProject
Global
	GlobalSection(SolutionConfigurationPlatforms) = preSolution
		Debug|Any CPU = Debug|Any CPU
		Release|Any CPU = Release|Any CPU
	EndGlobalSection
	GlobalSection(ProjectConfigurationPlatforms) = postSolution
		{2C35E6F5-28FA-4ED7-9EF1-4BF9D06DE2F2}.Debug|Any CPU.ActiveCfg = Debug|Any CPU
		{2C35E6F5-28FA-4ED7-9EF1-4BF9D06DE2F2}.Debug|Any CPU.Build.0 = Debug|Any CPU
		{2C35E6F5-28FA-4ED7-9EF1-4BF9D06DE2F2}.Release|Any CPU.ActiveCfg = Release|Any CPU
		{2C35E6F5-28FA-4ED7-9EF1-4BF9D06DE2F2}.Release|Any CPU.Build.0 = Release|Any CPU
		{790CC7CE-3687-4E8C-AA8E-B69670BA58B3}.Debug|Any CPU.ActiveCfg = Debug|Any CPU
		{790CC7CE-3687-4E8C-AA8E-B69670BA58B3}.Debug|Any CPU.Build.0 = Debug|Any CPU
		{790CC7CE-3687-4E8C-AA8E-B69670BA58B3}.Release|Any CPU.ActiveCfg = Release|Any CPU
		{790CC7CE-3687-4E8C-AA8E-B69670BA58B3}.Release|Any CPU.Build.0 = Release|Any CPU
		{5104A65A-7047-49CA-AB28-8A3CF02408CF}.Debug|Any CPU.ActiveCfg = Debug|Any CPU
		{5104A65A-7047-49CA-AB28-8A3CF02408CF}.Debug|Any CPU.Build.0 = Debug|Any CPU
		{5104A65A-7047-49CA-AB28-8A3CF02408CF}.Release|Any CPU.ActiveCfg = Release|Any CPU
		{5104A65A-7047-49CA-AB28-8A3CF02408CF}.Release|Any CPU.Build.0 = Release|Any CPU
		{719A4CDF-126F-44D3-A274-BC99A96B7E6B}.Debug|Any CPU.ActiveCfg = Debug|Any CPU
		{719A4CDF-126F-44D3-A274-BC99A96B7E6B}.Debug|Any CPU.Build.0 = Debug|Any CPU
		{719A4CDF-126F-44D3-A274-BC99A96B7E6B}.Release|Any CPU.ActiveCfg = Release|Any CPU
		{719A4CDF-126F-44D3-A274-BC99A96B7E6B}.Release|Any CPU.Build.0 = Release|Any CPU
		{6A6C996E-1D52-47C2-A82C-1820BB6C266F}.Debug|Any CPU.ActiveCfg = Debug|Any CPU
		{6A6C996E-1D52-47C2-A82C-1820BB6C266F}.Debug|Any CPU.Build.0 = Debug|Any CPU
		{6A6C996E-1D52-47C2-A82C-1820BB6C266F}.Release|Any CPU.ActiveCfg = Release|Any CPU
		{6A6C996E-1D52-47C2-A82C-1820BB6C266F}.Release|Any CPU.Build.0 = Release|Any CPU
		{C9C4DDF0-FC15-426E-A4B8-2638D43562FE}.Debug|Any CPU.ActiveCfg = Debug|Any CPU
		{C9C4DDF0-FC15-426E-A4B8-2638D43562FE}.Debug|Any CPU.Build.0 = Debug|Any CPU
		{C9C4DDF0-FC15-426E-A4B8-2638D43562FE}.Release|Any CPU.ActiveCfg = Release|Any CPU
		{C9C4DDF0-FC15-426E-A4B8-2638D43562FE}.Release|Any CPU.Build.0 = Release|Any CPU
		{7729CEB6-97B4-4513-888A-308EA7AB058B}.Debug|Any CPU.ActiveCfg = Debug|Any CPU
		{7729CEB6-97B4-4513-888A-308EA7AB058B}.Debug|Any CPU.Build.0 = Debug|Any CPU
		{7729CEB6-97B4-4513-888A-308EA7AB058B}.Release|Any CPU.ActiveCfg = Release|Any CPU
		{7729CEB6-97B4-4513-888A-308EA7AB058B}.Release|Any CPU.Build.0 = Release|Any CPU
		{2288F58C-B11F-4EAD-861C-F28AA1C14ECD}.Debug|Any CPU.ActiveCfg = Debug|Any CPU
		{2288F58C-B11F-4EAD-861C-F28AA1C14ECD}.Debug|Any CPU.Build.0 = Debug|Any CPU
		{2288F58C-B11F-4EAD-861C-F28AA1C14ECD}.Release|Any CPU.ActiveCfg = Release|Any CPU
		{2288F58C-B11F-4EAD-861C-F28AA1C14ECD}.Release|Any CPU.Build.0 = Release|Any CPU
		{55361B8E-4F71-4862-B6D0-C9A247198B84}.Debug|Any CPU.ActiveCfg = Debug|Any CPU
		{55361B8E-4F71-4862-B6D0-C9A247198B84}.Debug|Any CPU.Build.0 = Debug|Any CPU
		{55361B8E-4F71-4862-B6D0-C9A247198B84}.Release|Any CPU.ActiveCfg = Release|Any CPU
		{55361B8E-4F71-4862-B6D0-C9A247198B84}.Release|Any CPU.Build.0 = Release|Any CPU
		{0D3A6F4D-6154-4374-B159-7AC6646698F2}.Debug|Any CPU.ActiveCfg = Debug|Any CPU
		{0D3A6F4D-6154-4374-B159-7AC6646698F2}.Debug|Any CPU.Build.0 = Debug|Any CPU
		{0D3A6F4D-6154-4374-B159-7AC6646698F2}.Release|Any CPU.ActiveCfg = Release|Any CPU
		{0D3A6F4D-6154-4374-B159-7AC6646698F2}.Release|Any CPU.Build.0 = Release|Any CPU
		{1139DEEC-7CBA-419C-990B-B3DAF5C9463D}.Debug|Any CPU.ActiveCfg = Debug|Any CPU
		{1139DEEC-7CBA-419C-990B-B3DAF5C9463D}.Debug|Any CPU.Build.0 = Debug|Any CPU
		{1139DEEC-7CBA-419C-990B-B3DAF5C9463D}.Release|Any CPU.ActiveCfg = Release|Any CPU
		{1139DEEC-7CBA-419C-990B-B3DAF5C9463D}.Release|Any CPU.Build.0 = Release|Any CPU
		{6FAECFD5-FF7B-47BB-9A75-321FCFB1CE1D}.Debug|Any CPU.ActiveCfg = Debug|Any CPU
		{6FAECFD5-FF7B-47BB-9A75-321FCFB1CE1D}.Debug|Any CPU.Build.0 = Debug|Any CPU
		{6FAECFD5-FF7B-47BB-9A75-321FCFB1CE1D}.Release|Any CPU.ActiveCfg = Release|Any CPU
		{6FAECFD5-FF7B-47BB-9A75-321FCFB1CE1D}.Release|Any CPU.Build.0 = Release|Any CPU
		{E2D245FF-7B5C-42C2-A396-B964A73D9C37}.Debug|Any CPU.ActiveCfg = Debug|Any CPU
		{E2D245FF-7B5C-42C2-A396-B964A73D9C37}.Debug|Any CPU.Build.0 = Debug|Any CPU
		{E2D245FF-7B5C-42C2-A396-B964A73D9C37}.Release|Any CPU.ActiveCfg = Release|Any CPU
		{E2D245FF-7B5C-42C2-A396-B964A73D9C37}.Release|Any CPU.Build.0 = Release|Any CPU
		{BF04855C-27F0-4008-BA6B-0B5FDF9465BC}.Debug|Any CPU.ActiveCfg = Debug|Any CPU
		{BF04855C-27F0-4008-BA6B-0B5FDF9465BC}.Debug|Any CPU.Build.0 = Debug|Any CPU
		{BF04855C-27F0-4008-BA6B-0B5FDF9465BC}.Release|Any CPU.ActiveCfg = Release|Any CPU
		{BF04855C-27F0-4008-BA6B-0B5FDF9465BC}.Release|Any CPU.Build.0 = Release|Any CPU
	EndGlobalSection
	GlobalSection(SolutionProperties) = preSolution
		HideSolutionNode = FALSE
	EndGlobalSection
	GlobalSection(NestedProjects) = preSolution
		{422F9ADB-9651-4160-A9C1-49949F95FEC2} = {2F62576E-5890-4746-B769-57A43FAFDE4D}
		{8260B0A3-8883-436E-9F0B-C1EE529BD206} = {2F62576E-5890-4746-B769-57A43FAFDE4D}
		{B932C3D0-CB77-45DF-A080-9A5FBB5E67C2} = {2F62576E-5890-4746-B769-57A43FAFDE4D}
		{9D382132-43EF-477E-9C55-55104C0A76E6} = {2F62576E-5890-4746-B769-57A43FAFDE4D}
		{2C35E6F5-28FA-4ED7-9EF1-4BF9D06DE2F2} = {422F9ADB-9651-4160-A9C1-49949F95FEC2}
		{790CC7CE-3687-4E8C-AA8E-B69670BA58B3} = {422F9ADB-9651-4160-A9C1-49949F95FEC2}
		{5104A65A-7047-49CA-AB28-8A3CF02408CF} = {422F9ADB-9651-4160-A9C1-49949F95FEC2}
		{55361B8E-4F71-4862-B6D0-C9A247198B84} = {422F9ADB-9651-4160-A9C1-49949F95FEC2}
		{719A4CDF-126F-44D3-A274-BC99A96B7E6B} = {73ADC423-F2F5-4DEB-8768-F3A0794516C5}
		{6A6C996E-1D52-47C2-A82C-1820BB6C266F} = {8260B0A3-8883-436E-9F0B-C1EE529BD206}
		{0D3A6F4D-6154-4374-B159-7AC6646698F2} = {8260B0A3-8883-436E-9F0B-C1EE529BD206}
		{1139DEEC-7CBA-419C-990B-B3DAF5C9463D} = {8260B0A3-8883-436E-9F0B-C1EE529BD206}
		{C9C4DDF0-FC15-426E-A4B8-2638D43562FE} = {B932C3D0-CB77-45DF-A080-9A5FBB5E67C2}
		{7729CEB6-97B4-4513-888A-308EA7AB058B} = {B932C3D0-CB77-45DF-A080-9A5FBB5E67C2}
		{6FAECFD5-FF7B-47BB-9A75-321FCFB1CE1D} = {B932C3D0-CB77-45DF-A080-9A5FBB5E67C2}
		{E2D245FF-7B5C-42C2-A396-B964A73D9C37} = {B932C3D0-CB77-45DF-A080-9A5FBB5E67C2}
		{2288F58C-B11F-4EAD-861C-F28AA1C14ECD} = {9D382132-43EF-477E-9C55-55104C0A76E6}
		{BF04855C-27F0-4008-BA6B-0B5FDF9465BC} = {B534BF29-3E93-426B-A20C-AB98E5A302F2}
	EndGlobalSection
EndGlobal
